
Microsoft Visual Studio Solution File, Format Version 12.00
# Visual Studio 15
VisualStudioVersion = 15.0.28010.2016
MinimumVisualStudioVersion = 10.0.40219.1
Project("{FAE04EC0-301F-11D3-BF4B-00C04F79EFBC}") = "Vakantiepark", "Vakantiepark\Vakantiepark.csproj", "{380315A9-A165-4099-A2B3-66DB9EF2C11E}"
EndProject
Global
	GlobalSection(SolutionConfigurationPlatforms) = preSolution
		Debug|Any CPU = Debug|Any CPU
		Release|Any CPU = Release|Any CPU
	EndGlobalSection
	GlobalSection(ProjectConfigurationPlatforms) = postSolution
		{380315A9-A165-4099-A2B3-66DB9EF2C11E}.Debug|Any CPU.ActiveCfg = Debug|Any CPU
		{380315A9-A165-4099-A2B3-66DB9EF2C11E}.Debug|Any CPU.Build.0 = Debug|Any CPU
		{380315A9-A165-4099-A2B3-66DB9EF2C11E}.Release|Any CPU.ActiveCfg = Release|Any CPU
		{380315A9-A165-4099-A2B3-66DB9EF2C11E}.Release|Any CPU.Build.0 = Release|Any CPU
	EndGlobalSection
	GlobalSection(SolutionProperties) = preSolution
		HideSolutionNode = FALSE
	EndGlobalSection
	GlobalSection(ExtensibilityGlobals) = postSolution
		SolutionGuid = {2FA8D7A1-65E9-423F-A941-5EA42B63D709}
	EndGlobalSection
EndGlobal
