
Microsoft Visual Studio Solution File, Format Version 12.00
# Visual Studio 15
VisualStudioVersion = 15.0.28010.2016
MinimumVisualStudioVersion = 10.0.40219.1
Project("{FAE04EC0-301F-11D3-BF4B-00C04F79EFBC}") = "Rekenspel", "Rekenspel\Rekenspel.csproj", "{AD0FA2A1-E8D6-4589-A139-A28C2628CF0C}"
EndProject
Global
	GlobalSection(SolutionConfigurationPlatforms) = preSolution
		Debug|Any CPU = Debug|Any CPU
		Release|Any CPU = Release|Any CPU
	EndGlobalSection
	GlobalSection(ProjectConfigurationPlatforms) = postSolution
		{AD0FA2A1-E8D6-4589-A139-A28C2628CF0C}.Debug|Any CPU.ActiveCfg = Debug|Any CPU
		{AD0FA2A1-E8D6-4589-A139-A28C2628CF0C}.Debug|Any CPU.Build.0 = Debug|Any CPU
		{AD0FA2A1-E8D6-4589-A139-A28C2628CF0C}.Release|Any CPU.ActiveCfg = Release|Any CPU
		{AD0FA2A1-E8D6-4589-A139-A28C2628CF0C}.Release|Any CPU.Build.0 = Release|Any CPU
	EndGlobalSection
	GlobalSection(SolutionProperties) = preSolution
		HideSolutionNode = FALSE
	EndGlobalSection
	GlobalSection(ExtensibilityGlobals) = postSolution
		SolutionGuid = {DE464C1D-16A1-4632-95EB-FFD4C2717438}
	EndGlobalSection
EndGlobal
